
Microsoft Visual Studio Solution File, Format Version 12.00
# Visual Studio Version 17
VisualStudioVersion = 17.9.34723.18
MinimumVisualStudioVersion = 10.0.40219.1
Project("{FAE04EC0-301F-11D3-BF4B-00C04F79EFBC}") = "DioDocsExcelTemplateImageKeepAspect", "DioDocsExcelTemplateImageKeepAspect\DioDocsExcelTemplateImageKeepAspect.csproj", "{EA66C2E0-E27C-401B-A7C3-B6E34B906C75}"
EndProject
Global
	GlobalSection(SolutionConfigurationPlatforms) = preSolution
		Debug|Any CPU = Debug|Any CPU
		Release|Any CPU = Release|Any CPU
	EndGlobalSection
	GlobalSection(ProjectConfigurationPlatforms) = postSolution
		{EA66C2E0-E27C-401B-A7C3-B6E34B906C75}.Debug|Any CPU.ActiveCfg = Debug|Any CPU
		{EA66C2E0-E27C-401B-A7C3-B6E34B906C75}.Debug|Any CPU.Build.0 = Debug|Any CPU
		{EA66C2E0-E27C-401B-A7C3-B6E34B906C75}.Release|Any CPU.ActiveCfg = Release|Any CPU
		{EA66C2E0-E27C-401B-A7C3-B6E34B906C75}.Release|Any CPU.Build.0 = Release|Any CPU
	EndGlobalSection
	GlobalSection(SolutionProperties) = preSolution
		HideSolutionNode = FALSE
	EndGlobalSection
	GlobalSection(ExtensibilityGlobals) = postSolution
		SolutionGuid = {0E3851BD-A3BA-4DFB-B772-FCDF0ADCFE38}
	EndGlobalSection
EndGlobal
